
Microsoft Visual Studio Solution File, Format Version 12.00
# Visual Studio Version 16
VisualStudioVersion = 16.0.30204.135
MinimumVisualStudioVersion = 10.0.40219.1
Project("{9A19103F-16F7-4668-BE54-9A1E7A4F7556}") = "DecoTiles", "DecoTiles.csproj", "{1788B88E-7F9D-4A96-BF1C-FBE5D94858FD}"
EndProject
Global
	GlobalSection(SolutionConfigurationPlatforms) = preSolution
		Debug|Any CPU = Debug|Any CPU
		Release|Any CPU = Release|Any CPU
	EndGlobalSection
	GlobalSection(ProjectConfigurationPlatforms) = postSolution
		{1788B88E-7F9D-4A96-BF1C-FBE5D94858FD}.Debug|Any CPU.ActiveCfg = Debug|Any CPU
		{1788B88E-7F9D-4A96-BF1C-FBE5D94858FD}.Debug|Any CPU.Build.0 = Debug|Any CPU
		{1788B88E-7F9D-4A96-BF1C-FBE5D94858FD}.Release|Any CPU.ActiveCfg = Release|Any CPU
		{1788B88E-7F9D-4A96-BF1C-FBE5D94858FD}.Release|Any CPU.Build.0 = Release|Any CPU
	EndGlobalSection
	GlobalSection(SolutionProperties) = preSolution
		HideSolutionNode = FALSE
	EndGlobalSection
	GlobalSection(ExtensibilityGlobals) = postSolution
		SolutionGuid = {4FCEDAB6-A2FB-43EF-BEC7-0D6D46CC268B}
	EndGlobalSection
EndGlobal
